{
  "pins" : [
    {
      "identity" : "swift-syntax",
      "kind" : "remoteSourceControl",
      "location" : "https://github.com/apple/swift-syntax.git",
      "state" : {
        "revision" : "64889f0c732f210a935a0ad7cda38f77f876262d",
        "version" : "509.1.1"
      }
    },
    {
      "identity" : "swiftgodot",
      "kind" : "remoteSourceControl",
      "location" : "https://github.com/migueldeicaza/SwiftGodot",
      "state" : {
        "revision" : "088b001be4de6aca139d998b5ff617b5d9f789e7"
      }
    },
    {
      "identity" : "swiftgodotkit",
      "kind" : "remoteSourceControl",
      "location" : "https://github.com/migueldeicaza/SwiftGodotKit",
      "state" : {
        "revision" : "2384998508016d164d363174d633c663c08bcf74"
      }
    }
  ],
  "version" : 2
}
